// !$*UTF8*$!
{
	archiveVersion = 1;
	classes = {
	};
	objectVersion = 60;
	objects = {

/* Begin PBXBuildFile section */
		/* App target — minimal host process, no business logic */
		BB000010000000000000BB10 /* AppDelegate.swift in Sources */ = {isa = PBXBuildFile; fileRef = BB000001000000000000BB01 /* AppDelegate.swift */; };
		/* Test target — all shared sources compiled directly into the test bundle */
		CC000011000000000000CC11 /* CaptureTypes.swift in Sources */ = {isa = PBXBuildFile; fileRef = BB000002000000000000BB02 /* CaptureTypes.swift */; };
		CC000012000000000000CC12 /* GeneratorConfig.swift in Sources */ = {isa = PBXBuildFile; fileRef = BB000003000000000000BB03 /* GeneratorConfig.swift */; };
		CC000013000000000000CC13 /* ContentCorpus.swift in Sources */ = {isa = PBXBuildFile; fileRef = BB000004000000000000BB04 /* ContentCorpus.swift */; };
		CC000014000000000000CC14 /* SeededRNG.swift in Sources */ = {isa = PBXBuildFile; fileRef = BB000005000000000000BB05 /* SeededRNG.swift */; };
		CC000015000000000000CC15 /* ScreenshotCapture.swift in Sources */ = {isa = PBXBuildFile; fileRef = BB000006000000000000BB06 /* ScreenshotCapture.swift */; };
		CC000016000000000000CC16 /* LoginFormTemplate.swift in Sources */ = {isa = PBXBuildFile; fileRef = BB000007000000000000BB07 /* LoginFormTemplate.swift */; };
		CC000017000000000000CC17 /* SettingsListTemplate.swift in Sources */ = {isa = PBXBuildFile; fileRef = BB000008000000000000BB08 /* SettingsListTemplate.swift */; };
		CC000018000000000000CC18 /* AlertTemplate.swift in Sources */ = {isa = PBXBuildFile; fileRef = BB000009000000000000BB09 /* AlertTemplate.swift */; };
		CC000019000000000000CC19 /* AnnotationWriter.swift in Sources */ = {isa = PBXBuildFile; fileRef = BB00001A000000000000BB1A /* AnnotationWriter.swift */; };
		CC00001B000000000000CC1B /* DatasetManifest.swift in Sources */ = {isa = PBXBuildFile; fileRef = BB00001C000000000000BB1C /* DatasetManifest.swift */; };
		CC000010000000000000CC10 /* GenerateDatasetTests.swift in Sources */ = {isa = PBXBuildFile; fileRef = CC000001000000000000CC01 /* GenerateDatasetTests.swift */; };
		CC00001D000000000000CC1D /* KitchenSinkTemplate.swift in Sources */ = {isa = PBXBuildFile; fileRef = BB00000C000000000000BB0C /* KitchenSinkTemplate.swift */; };
		CC00001E000000000000CC1E /* BoundingBoxDebugRenderer.swift in Sources */ = {isa = PBXBuildFile; fileRef = BB00000D000000000000BB0D /* BoundingBoxDebugRenderer.swift */; };
		CC00001F000000000000CC1F /* KitchenSinkValidationTest.swift in Sources */ = {isa = PBXBuildFile; fileRef = CC000002000000000000CC02 /* KitchenSinkValidationTest.swift */; };
		/* Phase 4 — UIKit generator templates and coord tests */
		DD000011000000000000DD11 /* UIKitCaptureSupport.swift in Sources */ = {isa = PBXBuildFile; fileRef = DD000001000000000000DD01 /* UIKitCaptureSupport.swift */; };
		DD000012000000000000DD12 /* UIKitFormViewController.swift in Sources */ = {isa = PBXBuildFile; fileRef = DD000002000000000000DD02 /* UIKitFormViewController.swift */; };
		DD000013000000000000DD13 /* UIKitListViewController.swift in Sources */ = {isa = PBXBuildFile; fileRef = DD000003000000000000DD03 /* UIKitListViewController.swift */; };
		DD000014000000000000DD14 /* UIKitControlsViewController.swift in Sources */ = {isa = PBXBuildFile; fileRef = DD000004000000000000DD04 /* UIKitControlsViewController.swift */; };
		DD000015000000000000DD15 /* UIKitCoordTests.swift in Sources */ = {isa = PBXBuildFile; fileRef = DD000005000000000000DD05 /* UIKitCoordTests.swift */; };
		/* Phase 4-2 — UIKitGeneratorViewController + validation test */
		EE000011000000000000EE11 /* UIKitGeneratorViewController.swift in Sources */ = {isa = PBXBuildFile; fileRef = EE000001000000000000EE01 /* UIKitGeneratorViewController.swift */; };
		EE000012000000000000EE12 /* UIKitGeneratorValidationTest.swift in Sources */ = {isa = PBXBuildFile; fileRef = EE000002000000000000EE02 /* UIKitGeneratorValidationTest.swift */; };
		/* Phase 5a — Known-bad templates and validation tests */
		FF000011000000000000FF11 /* TruncatedLabelViewController.swift in Sources */ = {isa = PBXBuildFile; fileRef = FF000001000000000000FF01 /* TruncatedLabelViewController.swift */; };
		FF000012000000000000FF12 /* TruncatedLabelValidationTest.swift in Sources */ = {isa = PBXBuildFile; fileRef = FF000002000000000000FF02 /* TruncatedLabelValidationTest.swift */; };
		GG000011000000000000GG11 /* ClippedContentViewController.swift in Sources */ = {isa = PBXBuildFile; fileRef = GG000001000000000000GG01 /* ClippedContentViewController.swift */; };
		GG000012000000000000GG12 /* ClippedContentValidationTest.swift in Sources */ = {isa = PBXBuildFile; fileRef = GG000002000000000000GG02 /* ClippedContentValidationTest.swift */; };
		HH000011000000000000HH11 /* SmallHitTargetViewController.swift in Sources */ = {isa = PBXBuildFile; fileRef = HH000001000000000000HH01 /* SmallHitTargetViewController.swift */; };
		HH000012000000000000HH12 /* SmallHitTargetValidationTest.swift in Sources */ = {isa = PBXBuildFile; fileRef = HH000002000000000000HH02 /* SmallHitTargetValidationTest.swift */; };
		II000011000000000000II11 /* OverlappingControlsViewController.swift in Sources */ = {isa = PBXBuildFile; fileRef = II000001000000000000II01 /* OverlappingControlsViewController.swift */; };
		II000012000000000000II12 /* OverlappingControlsValidationTest.swift in Sources */ = {isa = PBXBuildFile; fileRef = II000002000000000000II02 /* OverlappingControlsValidationTest.swift */; };
		JJ000011000000000000JJ11 /* DynamicTypeOverflowViewController.swift in Sources */ = {isa = PBXBuildFile; fileRef = JJ000001000000000000JJ01 /* DynamicTypeOverflowViewController.swift */; };
		JJ000012000000000000JJ12 /* DynamicTypeOverflowValidationTest.swift in Sources */ = {isa = PBXBuildFile; fileRef = JJ000002000000000000JJ02 /* DynamicTypeOverflowValidationTest.swift */; };
		KK000011000000000000KK11 /* RTLMirroringFailureViewController.swift in Sources */ = {isa = PBXBuildFile; fileRef = KK000001000000000000KK01 /* RTLMirroringFailureViewController.swift */; };
		KK000012000000000000KK12 /* RTLMirroringFailureValidationTest.swift in Sources */ = {isa = PBXBuildFile; fileRef = KK000002000000000000KK02 /* RTLMirroringFailureValidationTest.swift */; };
		LL000011000000000000LL11 /* OffScreenElementViewController.swift in Sources */ = {isa = PBXBuildFile; fileRef = LL000001000000000000LL01 /* OffScreenElementViewController.swift */; };
		LL000012000000000000LL12 /* OffScreenElementValidationTest.swift in Sources */ = {isa = PBXBuildFile; fileRef = LL000002000000000000LL02 /* OffScreenElementValidationTest.swift */; };
		MM000011000000000000MM11 /* OccludedElementViewController.swift in Sources */ = {isa = PBXBuildFile; fileRef = MM000001000000000000MM01 /* OccludedElementViewController.swift */; };
		MM000012000000000000MM12 /* OccludedElementValidationTest.swift in Sources */ = {isa = PBXBuildFile; fileRef = MM000002000000000000MM02 /* OccludedElementValidationTest.swift */; };
		NN000011000000000000NN11 /* HardNegativeViewController.swift in Sources */ = {isa = PBXBuildFile; fileRef = NN000001000000000000NN01 /* HardNegativeViewController.swift */; };
		NN000012000000000000NN12 /* HardNegativeValidationTest.swift in Sources */ = {isa = PBXBuildFile; fileRef = NN000002000000000000NN02 /* HardNegativeValidationTest.swift */; };
		/* Phase 5b — Extended SwiftUI templates */
		OO000011000000000000OO11 /* TabViewNavigationTemplate.swift in Sources */ = {isa = PBXBuildFile; fileRef = OO000001000000000000OO01 /* TabViewNavigationTemplate.swift */; };
		PP000011000000000000PP11 /* SheetTemplate.swift in Sources */ = {isa = PBXBuildFile; fileRef = PP000001000000000000PP01 /* SheetTemplate.swift */; };
		QQ000011000000000000QQ11 /* SearchResultsTemplate.swift in Sources */ = {isa = PBXBuildFile; fileRef = QQ000001000000000000QQ01 /* SearchResultsTemplate.swift */; };
		RR000011000000000000RR11 /* FormValidationTemplate.swift in Sources */ = {isa = PBXBuildFile; fileRef = RR000001000000000000RR01 /* FormValidationTemplate.swift */; };
		SS000011000000000000SS11 /* EmptyStateTemplate.swift in Sources */ = {isa = PBXBuildFile; fileRef = SS000001000000000000SS01 /* EmptyStateTemplate.swift */; };
		TT000011000000000000TT11 /* LoadingSkeletonTemplate.swift in Sources */ = {isa = PBXBuildFile; fileRef = TT000001000000000000TT01 /* LoadingSkeletonTemplate.swift */; };
		UU000011000000000000UU11 /* MediaCardGridTemplate.swift in Sources */ = {isa = PBXBuildFile; fileRef = UU000001000000000000UU01 /* MediaCardGridTemplate.swift */; };
		VV000011000000000000VV11 /* OnboardingPageTemplate.swift in Sources */ = {isa = PBXBuildFile; fileRef = VV000001000000000000VV01 /* OnboardingPageTemplate.swift */; };
		WW000011000000000000WW11 /* PickerDateEntryTemplate.swift in Sources */ = {isa = PBXBuildFile; fileRef = WW000001000000000000WW01 /* PickerDateEntryTemplate.swift */; };
		XX000011000000000000XX11 /* ActionSheetTemplate.swift in Sources */ = {isa = PBXBuildFile; fileRef = XX000001000000000000XX01 /* ActionSheetTemplate.swift */; };
		YY000011000000000000YY11 /* PopoverTemplate.swift in Sources */ = {isa = PBXBuildFile; fileRef = YY000001000000000000YY01 /* PopoverTemplate.swift */; };
		ZZ000011000000000000ZZ11 /* RTLMirrorTemplate.swift in Sources */ = {isa = PBXBuildFile; fileRef = ZZ000001000000000000ZZ01 /* RTLMirrorTemplate.swift */; };
		A1000011000000000000A111 /* LiquidGlassNavTemplate.swift in Sources */ = {isa = PBXBuildFile; fileRef = A1000001000000000000A101 /* LiquidGlassNavTemplate.swift */; };
		A2000011000000000000A211 /* LiquidGlassTabTemplate.swift in Sources */ = {isa = PBXBuildFile; fileRef = A2000001000000000000A201 /* LiquidGlassTabTemplate.swift */; };
		A3000011000000000000A311 /* SettingsDisclosureTemplate.swift in Sources */ = {isa = PBXBuildFile; fileRef = A3000001000000000000A301 /* SettingsDisclosureTemplate.swift */; };
		A4000011000000000000A411 /* RefreshControlTemplate.swift in Sources */ = {isa = PBXBuildFile; fileRef = A4000001000000000000A401 /* RefreshControlTemplate.swift */; };
		A5000011000000000000A511 /* ContextMenuTemplate.swift in Sources */ = {isa = PBXBuildFile; fileRef = A5000001000000000000A501 /* ContextMenuTemplate.swift */; };
		A6000011000000000000A611 /* MapOverlaysTemplate.swift in Sources */ = {isa = PBXBuildFile; fileRef = A6000001000000000000A601 /* MapOverlaysTemplate.swift */; };
		A7000011000000000000A711 /* StepperTemplate.swift in Sources */ = {isa = PBXBuildFile; fileRef = A7000001000000000000A701 /* StepperTemplate.swift */; };
		A8000011000000000000A811 /* ProgressActivityTemplate.swift in Sources */ = {isa = PBXBuildFile; fileRef = A8000001000000000000A801 /* ProgressActivityTemplate.swift */; };
/* End PBXBuildFile section */

/* Begin PBXContainerItemProxy section */
		CC000020000000000000CC20 /* PBXContainerItemProxy */ = {
			isa = PBXContainerItemProxy;
			containerPortal = BB000050000000000000BB50 /* Project object */;
			proxyType = 1;
			remoteGlobalIDString = BB000060000000000000BB60 /* GeneratorRunner */;
			remoteInfo = GeneratorRunner;
		};
/* End PBXContainerItemProxy section */

/* Begin PBXFileReference section */
		BB000001000000000000BB01 /* AppDelegate.swift */ = {isa = PBXFileReference; lastKnownFileType = sourcecode.swift; path = AppDelegate.swift; sourceTree = "<group>"; };
		BB000002000000000000BB02 /* CaptureTypes.swift */ = {isa = PBXFileReference; lastKnownFileType = sourcecode.swift; name = CaptureTypes.swift; path = "../NativeUIDatasetGenerator/Sources/CaptureTypes.swift"; sourceTree = SOURCE_ROOT; };
		BB000003000000000000BB03 /* GeneratorConfig.swift */ = {isa = PBXFileReference; lastKnownFileType = sourcecode.swift; name = GeneratorConfig.swift; path = "../NativeUIDatasetGenerator/Sources/GeneratorConfig.swift"; sourceTree = SOURCE_ROOT; };
		BB000004000000000000BB04 /* ContentCorpus.swift */ = {isa = PBXFileReference; lastKnownFileType = sourcecode.swift; name = ContentCorpus.swift; path = "../NativeUIDatasetGenerator/Sources/ContentCorpus.swift"; sourceTree = SOURCE_ROOT; };
		BB000005000000000000BB05 /* SeededRNG.swift */ = {isa = PBXFileReference; lastKnownFileType = sourcecode.swift; name = SeededRNG.swift; path = "../NativeUIDatasetGenerator/Sources/SeededRNG.swift"; sourceTree = SOURCE_ROOT; };
		BB000006000000000000BB06 /* ScreenshotCapture.swift */ = {isa = PBXFileReference; lastKnownFileType = sourcecode.swift; name = ScreenshotCapture.swift; path = "../NativeUIDatasetGenerator/Templates/ScreenshotCapture.swift"; sourceTree = SOURCE_ROOT; };
		BB000007000000000000BB07 /* LoginFormTemplate.swift */ = {isa = PBXFileReference; lastKnownFileType = sourcecode.swift; name = LoginFormTemplate.swift; path = "../NativeUIDatasetGenerator/Templates/LoginFormTemplate.swift"; sourceTree = SOURCE_ROOT; };
		BB000008000000000000BB08 /* SettingsListTemplate.swift */ = {isa = PBXFileReference; lastKnownFileType = sourcecode.swift; name = SettingsListTemplate.swift; path = "../NativeUIDatasetGenerator/Templates/SettingsListTemplate.swift"; sourceTree = SOURCE_ROOT; };
		BB000009000000000000BB09 /* AlertTemplate.swift */ = {isa = PBXFileReference; lastKnownFileType = sourcecode.swift; name = AlertTemplate.swift; path = "../NativeUIDatasetGenerator/Templates/AlertTemplate.swift"; sourceTree = SOURCE_ROOT; };
		BB00000A000000000000BB0A /* Info.plist */ = {isa = PBXFileReference; lastKnownFileType = text.plist.xml; path = Info.plist; sourceTree = "<group>"; };
		BB00000B000000000000BB0B /* GeneratorRunner.app */ = {isa = PBXFileReference; explicitFileType = wrapper.application; includeInIndex = 0; path = GeneratorRunner.app; sourceTree = BUILT_PRODUCTS_DIR; };
		BB00001A000000000000BB1A /* AnnotationWriter.swift */ = {isa = PBXFileReference; lastKnownFileType = sourcecode.swift; name = AnnotationWriter.swift; path = "../NativeUIDatasetGenerator/Sources/AnnotationWriter.swift"; sourceTree = SOURCE_ROOT; };
		BB00001C000000000000BB1C /* DatasetManifest.swift */ = {isa = PBXFileReference; lastKnownFileType = sourcecode.swift; name = DatasetManifest.swift; path = "../NativeUIDatasetGenerator/Sources/DatasetManifest.swift"; sourceTree = SOURCE_ROOT; };
		BB00000C000000000000BB0C /* KitchenSinkTemplate.swift */ = {isa = PBXFileReference; lastKnownFileType = sourcecode.swift; name = KitchenSinkTemplate.swift; path = "../NativeUIDatasetGenerator/Templates/KitchenSinkTemplate.swift"; sourceTree = SOURCE_ROOT; };
		BB00000D000000000000BB0D /* BoundingBoxDebugRenderer.swift */ = {isa = PBXFileReference; lastKnownFileType = sourcecode.swift; name = BoundingBoxDebugRenderer.swift; path = "../NativeUIDatasetGenerator/Templates/BoundingBoxDebugRenderer.swift"; sourceTree = SOURCE_ROOT; };
		CC000001000000000000CC01 /* GenerateDatasetTests.swift */ = {isa = PBXFileReference; lastKnownFileType = sourcecode.swift; path = GenerateDatasetTests.swift; sourceTree = "<group>"; };
		CC000002000000000000CC02 /* KitchenSinkValidationTest.swift */ = {isa = PBXFileReference; lastKnownFileType = sourcecode.swift; path = KitchenSinkValidationTest.swift; sourceTree = "<group>"; };
		CC00000B000000000000CC0B /* GeneratorRunnerTests.xctest */ = {isa = PBXFileReference; explicitFileType = wrapper.cfbundle; includeInIndex = 0; path = GeneratorRunnerTests.xctest; sourceTree = BUILT_PRODUCTS_DIR; };
		/* Phase 4 — UIKit generator templates */
		DD000001000000000000DD01 /* UIKitCaptureSupport.swift */ = {isa = PBXFileReference; lastKnownFileType = sourcecode.swift; name = UIKitCaptureSupport.swift; path = "../NativeUIDatasetGenerator/Templates/UIKitCaptureSupport.swift"; sourceTree = SOURCE_ROOT; };
		DD000002000000000000DD02 /* UIKitFormViewController.swift */ = {isa = PBXFileReference; lastKnownFileType = sourcecode.swift; name = UIKitFormViewController.swift; path = "../NativeUIDatasetGenerator/Templates/UIKitFormViewController.swift"; sourceTree = SOURCE_ROOT; };
		DD000003000000000000DD03 /* UIKitListViewController.swift */ = {isa = PBXFileReference; lastKnownFileType = sourcecode.swift; name = UIKitListViewController.swift; path = "../NativeUIDatasetGenerator/Templates/UIKitListViewController.swift"; sourceTree = SOURCE_ROOT; };
		DD000004000000000000DD04 /* UIKitControlsViewController.swift */ = {isa = PBXFileReference; lastKnownFileType = sourcecode.swift; name = UIKitControlsViewController.swift; path = "../NativeUIDatasetGenerator/Templates/UIKitControlsViewController.swift"; sourceTree = SOURCE_ROOT; };
		/* Phase 4 — UIKit coord tests */
		DD000005000000000000DD05 /* UIKitCoordTests.swift */ = {isa = PBXFileReference; lastKnownFileType = sourcecode.swift; path = UIKitCoordTests.swift; sourceTree = "<group>"; };
		/* Phase 4-2 — comprehensive UIKit generator VC */
		EE000001000000000000EE01 /* UIKitGeneratorViewController.swift */ = {isa = PBXFileReference; lastKnownFileType = sourcecode.swift; name = UIKitGeneratorViewController.swift; path = "../NativeUIDatasetGenerator/Templates/UIKitGeneratorViewController.swift"; sourceTree = SOURCE_ROOT; };
		EE000002000000000000EE02 /* UIKitGeneratorValidationTest.swift */ = {isa = PBXFileReference; lastKnownFileType = sourcecode.swift; path = UIKitGeneratorValidationTest.swift; sourceTree = "<group>"; };
		/* Phase 5a — Known-bad templates */
		FF000001000000000000FF01 /* TruncatedLabelViewController.swift */ = {isa = PBXFileReference; lastKnownFileType = sourcecode.swift; name = TruncatedLabelViewController.swift; path = "../NativeUIDatasetGenerator/Templates/KnownBad/TruncatedLabelViewController.swift"; sourceTree = SOURCE_ROOT; };
		FF000002000000000000FF02 /* TruncatedLabelValidationTest.swift */ = {isa = PBXFileReference; lastKnownFileType = sourcecode.swift; path = KnownBad/TruncatedLabelValidationTest.swift; sourceTree = "<group>"; };
		GG000001000000000000GG01 /* ClippedContentViewController.swift */ = {isa = PBXFileReference; lastKnownFileType = sourcecode.swift; name = ClippedContentViewController.swift; path = "../NativeUIDatasetGenerator/Templates/KnownBad/ClippedContentViewController.swift"; sourceTree = SOURCE_ROOT; };
		GG000002000000000000GG02 /* ClippedContentValidationTest.swift */ = {isa = PBXFileReference; lastKnownFileType = sourcecode.swift; path = KnownBad/ClippedContentValidationTest.swift; sourceTree = "<group>"; };
		HH000001000000000000HH01 /* SmallHitTargetViewController.swift */ = {isa = PBXFileReference; lastKnownFileType = sourcecode.swift; name = SmallHitTargetViewController.swift; path = "../NativeUIDatasetGenerator/Templates/KnownBad/SmallHitTargetViewController.swift"; sourceTree = SOURCE_ROOT; };
		HH000002000000000000HH02 /* SmallHitTargetValidationTest.swift */ = {isa = PBXFileReference; lastKnownFileType = sourcecode.swift; path = KnownBad/SmallHitTargetValidationTest.swift; sourceTree = "<group>"; };
		II000001000000000000II01 /* OverlappingControlsViewController.swift */ = {isa = PBXFileReference; lastKnownFileType = sourcecode.swift; name = OverlappingControlsViewController.swift; path = "../NativeUIDatasetGenerator/Templates/KnownBad/OverlappingControlsViewController.swift"; sourceTree = SOURCE_ROOT; };
		II000002000000000000II02 /* OverlappingControlsValidationTest.swift */ = {isa = PBXFileReference; lastKnownFileType = sourcecode.swift; path = KnownBad/OverlappingControlsValidationTest.swift; sourceTree = "<group>"; };
		JJ000001000000000000JJ01 /* DynamicTypeOverflowViewController.swift */ = {isa = PBXFileReference; lastKnownFileType = sourcecode.swift; name = DynamicTypeOverflowViewController.swift; path = "../NativeUIDatasetGenerator/Templates/KnownBad/DynamicTypeOverflowViewController.swift"; sourceTree = SOURCE_ROOT; };
		JJ000002000000000000JJ02 /* DynamicTypeOverflowValidationTest.swift */ = {isa = PBXFileReference; lastKnownFileType = sourcecode.swift; path = KnownBad/DynamicTypeOverflowValidationTest.swift; sourceTree = "<group>"; };
		KK000001000000000000KK01 /* RTLMirroringFailureViewController.swift */ = {isa = PBXFileReference; lastKnownFileType = sourcecode.swift; name = RTLMirroringFailureViewController.swift; path = "../NativeUIDatasetGenerator/Templates/KnownBad/RTLMirroringFailureViewController.swift"; sourceTree = SOURCE_ROOT; };
		KK000002000000000000KK02 /* RTLMirroringFailureValidationTest.swift */ = {isa = PBXFileReference; lastKnownFileType = sourcecode.swift; path = KnownBad/RTLMirroringFailureValidationTest.swift; sourceTree = "<group>"; };
		LL000001000000000000LL01 /* OffScreenElementViewController.swift */ = {isa = PBXFileReference; lastKnownFileType = sourcecode.swift; name = OffScreenElementViewController.swift; path = "../NativeUIDatasetGenerator/Templates/KnownBad/OffScreenElementViewController.swift"; sourceTree = SOURCE_ROOT; };
		LL000002000000000000LL02 /* OffScreenElementValidationTest.swift */ = {isa = PBXFileReference; lastKnownFileType = sourcecode.swift; path = KnownBad/OffScreenElementValidationTest.swift; sourceTree = "<group>"; };
		MM000001000000000000MM01 /* OccludedElementViewController.swift */ = {isa = PBXFileReference; lastKnownFileType = sourcecode.swift; name = OccludedElementViewController.swift; path = "../NativeUIDatasetGenerator/Templates/KnownBad/OccludedElementViewController.swift"; sourceTree = SOURCE_ROOT; };
		MM000002000000000000MM02 /* OccludedElementValidationTest.swift */ = {isa = PBXFileReference; lastKnownFileType = sourcecode.swift; path = KnownBad/OccludedElementValidationTest.swift; sourceTree = "<group>"; };
		NN000001000000000000NN01 /* HardNegativeViewController.swift */ = {isa = PBXFileReference; lastKnownFileType = sourcecode.swift; name = HardNegativeViewController.swift; path = "../NativeUIDatasetGenerator/Templates/KnownBad/HardNegativeViewController.swift"; sourceTree = SOURCE_ROOT; };
		NN000002000000000000NN02 /* HardNegativeValidationTest.swift */ = {isa = PBXFileReference; lastKnownFileType = sourcecode.swift; path = KnownBad/HardNegativeValidationTest.swift; sourceTree = "<group>"; };
		/* Phase 5b — Extended SwiftUI templates */
		OO000001000000000000OO01 /* TabViewNavigationTemplate.swift */ = {isa = PBXFileReference; lastKnownFileType = sourcecode.swift; name = TabViewNavigationTemplate.swift; path = "../NativeUIDatasetGenerator/Templates/TabViewNavigationTemplate.swift"; sourceTree = SOURCE_ROOT; };
		PP000001000000000000PP01 /* SheetTemplate.swift */ = {isa = PBXFileReference; lastKnownFileType = sourcecode.swift; name = SheetTemplate.swift; path = "../NativeUIDatasetGenerator/Templates/SheetTemplate.swift"; sourceTree = SOURCE_ROOT; };
		QQ000001000000000000QQ01 /* SearchResultsTemplate.swift */ = {isa = PBXFileReference; lastKnownFileType = sourcecode.swift; name = SearchResultsTemplate.swift; path = "../NativeUIDatasetGenerator/Templates/SearchResultsTemplate.swift"; sourceTree = SOURCE_ROOT; };
		RR000001000000000000RR01 /* FormValidationTemplate.swift */ = {isa = PBXFileReference; lastKnownFileType = sourcecode.swift; name = FormValidationTemplate.swift; path = "../NativeUIDatasetGenerator/Templates/FormValidationTemplate.swift"; sourceTree = SOURCE_ROOT; };
		SS000001000000000000SS01 /* EmptyStateTemplate.swift */ = {isa = PBXFileReference; lastKnownFileType = sourcecode.swift; name = EmptyStateTemplate.swift; path = "../NativeUIDatasetGenerator/Templates/EmptyStateTemplate.swift"; sourceTree = SOURCE_ROOT; };
		TT000001000000000000TT01 /* LoadingSkeletonTemplate.swift */ = {isa = PBXFileReference; lastKnownFileType = sourcecode.swift; name = LoadingSkeletonTemplate.swift; path = "../NativeUIDatasetGenerator/Templates/LoadingSkeletonTemplate.swift"; sourceTree = SOURCE_ROOT; };
		UU000001000000000000UU01 /* MediaCardGridTemplate.swift */ = {isa = PBXFileReference; lastKnownFileType = sourcecode.swift; name = MediaCardGridTemplate.swift; path = "../NativeUIDatasetGenerator/Templates/MediaCardGridTemplate.swift"; sourceTree = SOURCE_ROOT; };
		VV000001000000000000VV01 /* OnboardingPageTemplate.swift */ = {isa = PBXFileReference; lastKnownFileType = sourcecode.swift; name = OnboardingPageTemplate.swift; path = "../NativeUIDatasetGenerator/Templates/OnboardingPageTemplate.swift"; sourceTree = SOURCE_ROOT; };
		WW000001000000000000WW01 /* PickerDateEntryTemplate.swift */ = {isa = PBXFileReference; lastKnownFileType = sourcecode.swift; name = PickerDateEntryTemplate.swift; path = "../NativeUIDatasetGenerator/Templates/PickerDateEntryTemplate.swift"; sourceTree = SOURCE_ROOT; };
		XX000001000000000000XX01 /* ActionSheetTemplate.swift */ = {isa = PBXFileReference; lastKnownFileType = sourcecode.swift; name = ActionSheetTemplate.swift; path = "../NativeUIDatasetGenerator/Templates/ActionSheetTemplate.swift"; sourceTree = SOURCE_ROOT; };
		YY000001000000000000YY01 /* PopoverTemplate.swift */ = {isa = PBXFileReference; lastKnownFileType = sourcecode.swift; name = PopoverTemplate.swift; path = "../NativeUIDatasetGenerator/Templates/PopoverTemplate.swift"; sourceTree = SOURCE_ROOT; };
		ZZ000001000000000000ZZ01 /* RTLMirrorTemplate.swift */ = {isa = PBXFileReference; lastKnownFileType = sourcecode.swift; name = RTLMirrorTemplate.swift; path = "../NativeUIDatasetGenerator/Templates/RTLMirrorTemplate.swift"; sourceTree = SOURCE_ROOT; };
		A1000001000000000000A101 /* LiquidGlassNavTemplate.swift */ = {isa = PBXFileReference; lastKnownFileType = sourcecode.swift; name = LiquidGlassNavTemplate.swift; path = "../NativeUIDatasetGenerator/Templates/LiquidGlassNavTemplate.swift"; sourceTree = SOURCE_ROOT; };
		A2000001000000000000A201 /* LiquidGlassTabTemplate.swift */ = {isa = PBXFileReference; lastKnownFileType = sourcecode.swift; name = LiquidGlassTabTemplate.swift; path = "../NativeUIDatasetGenerator/Templates/LiquidGlassTabTemplate.swift"; sourceTree = SOURCE_ROOT; };
		A3000001000000000000A301 /* SettingsDisclosureTemplate.swift */ = {isa = PBXFileReference; lastKnownFileType = sourcecode.swift; name = SettingsDisclosureTemplate.swift; path = "../NativeUIDatasetGenerator/Templates/SettingsDisclosureTemplate.swift"; sourceTree = SOURCE_ROOT; };
		A4000001000000000000A401 /* RefreshControlTemplate.swift */ = {isa = PBXFileReference; lastKnownFileType = sourcecode.swift; name = RefreshControlTemplate.swift; path = "../NativeUIDatasetGenerator/Templates/RefreshControlTemplate.swift"; sourceTree = SOURCE_ROOT; };
		A5000001000000000000A501 /* ContextMenuTemplate.swift */ = {isa = PBXFileReference; lastKnownFileType = sourcecode.swift; name = ContextMenuTemplate.swift; path = "../NativeUIDatasetGenerator/Templates/ContextMenuTemplate.swift"; sourceTree = SOURCE_ROOT; };
		A6000001000000000000A601 /* MapOverlaysTemplate.swift */ = {isa = PBXFileReference; lastKnownFileType = sourcecode.swift; name = MapOverlaysTemplate.swift; path = "../NativeUIDatasetGenerator/Templates/MapOverlaysTemplate.swift"; sourceTree = SOURCE_ROOT; };
		A7000001000000000000A701 /* StepperTemplate.swift */ = {isa = PBXFileReference; lastKnownFileType = sourcecode.swift; name = StepperTemplate.swift; path = "../NativeUIDatasetGenerator/Templates/StepperTemplate.swift"; sourceTree = SOURCE_ROOT; };
		A8000001000000000000A801 /* ProgressActivityTemplate.swift */ = {isa = PBXFileReference; lastKnownFileType = sourcecode.swift; name = ProgressActivityTemplate.swift; path = "../NativeUIDatasetGenerator/Templates/ProgressActivityTemplate.swift"; sourceTree = SOURCE_ROOT; };
/* End PBXFileReference section */

/* Begin PBXFrameworksBuildPhase section */
		BB000030000000000000BB30 /* Frameworks (app) */ = {
			isa = PBXFrameworksBuildPhase;
			buildActionMask = 2147483647;
			files = (
			);
			runOnlyForDeploymentPostprocessing = 0;
		};
		CC000030000000000000CC30 /* Frameworks (tests) */ = {
			isa = PBXFrameworksBuildPhase;
			buildActionMask = 2147483647;
			files = (
			);
			runOnlyForDeploymentPostprocessing = 0;
		};
/* End PBXFrameworksBuildPhase section */

/* Begin PBXGroup section */
		BB000040000000000000BB40 /* Main Group */ = {
			isa = PBXGroup;
			children = (
				BB000041000000000000BB41 /* GeneratorRunner */,
				BB000042000000000000BB42 /* Shared Sources */,
				BB000043000000000000BB43 /* Templates */,
				CC000041000000000000CC41 /* GeneratorRunnerTests */,
				BB000044000000000000BB44 /* Products */,
			);
			sourceTree = "<group>";
		};
		BB000041000000000000BB41 /* GeneratorRunner */ = {
			isa = PBXGroup;
			children = (
				BB000001000000000000BB01 /* AppDelegate.swift */,
				BB00000A000000000000BB0A /* Info.plist */,
			);
			path = GeneratorRunner;
			sourceTree = "<group>";
		};
		BB000042000000000000BB42 /* Shared Sources */ = {
			isa = PBXGroup;
			children = (
				BB000002000000000000BB02 /* CaptureTypes.swift */,
				BB000003000000000000BB03 /* GeneratorConfig.swift */,
				BB000004000000000000BB04 /* ContentCorpus.swift */,
				BB000005000000000000BB05 /* SeededRNG.swift */,
				BB00001A000000000000BB1A /* AnnotationWriter.swift */,
				BB00001C000000000000BB1C /* DatasetManifest.swift */,
			);
			name = "Shared Sources";
			sourceTree = "<group>";
		};
		BB000043000000000000BB43 /* Templates */ = {
			isa = PBXGroup;
			children = (
				BB000006000000000000BB06 /* ScreenshotCapture.swift */,
				BB000007000000000000BB07 /* LoginFormTemplate.swift */,
				BB000008000000000000BB08 /* SettingsListTemplate.swift */,
				BB000009000000000000BB09 /* AlertTemplate.swift */,
				BB00000C000000000000BB0C /* KitchenSinkTemplate.swift */,
				BB00000D000000000000BB0D /* BoundingBoxDebugRenderer.swift */,
				DD000001000000000000DD01 /* UIKitCaptureSupport.swift */,
				DD000002000000000000DD02 /* UIKitFormViewController.swift */,
				DD000003000000000000DD03 /* UIKitListViewController.swift */,
				DD000004000000000000DD04 /* UIKitControlsViewController.swift */,
				EE000001000000000000EE01 /* UIKitGeneratorViewController.swift */,
				FF000040000000000000FF40 /* KnownBad */,
				OO000001000000000000OO01 /* TabViewNavigationTemplate.swift */,
				PP000001000000000000PP01 /* SheetTemplate.swift */,
				QQ000001000000000000QQ01 /* SearchResultsTemplate.swift */,
				RR000001000000000000RR01 /* FormValidationTemplate.swift */,
				SS000001000000000000SS01 /* EmptyStateTemplate.swift */,
				TT000001000000000000TT01 /* LoadingSkeletonTemplate.swift */,
				UU000001000000000000UU01 /* MediaCardGridTemplate.swift */,
				VV000001000000000000VV01 /* OnboardingPageTemplate.swift */,
				WW000001000000000000WW01 /* PickerDateEntryTemplate.swift */,
				XX000001000000000000XX01 /* ActionSheetTemplate.swift */,
				YY000001000000000000YY01 /* PopoverTemplate.swift */,
				ZZ000001000000000000ZZ01 /* RTLMirrorTemplate.swift */,
				A1000001000000000000A101 /* LiquidGlassNavTemplate.swift */,
				A2000001000000000000A201 /* LiquidGlassTabTemplate.swift */,
				A3000001000000000000A301 /* SettingsDisclosureTemplate.swift */,
				A4000001000000000000A401 /* RefreshControlTemplate.swift */,
				A5000001000000000000A501 /* ContextMenuTemplate.swift */,
				A6000001000000000000A601 /* MapOverlaysTemplate.swift */,
				A7000001000000000000A701 /* StepperTemplate.swift */,
				A8000001000000000000A801 /* ProgressActivityTemplate.swift */,
			);
			name = Templates;
			sourceTree = "<group>";
		};
		FF000040000000000000FF40 /* KnownBad */ = {
			isa = PBXGroup;
			children = (
				FF000001000000000000FF01 /* TruncatedLabelViewController.swift */,
				GG000001000000000000GG01 /* ClippedContentViewController.swift */,
				HH000001000000000000HH01 /* SmallHitTargetViewController.swift */,
				II000001000000000000II01 /* OverlappingControlsViewController.swift */,
				JJ000001000000000000JJ01 /* DynamicTypeOverflowViewController.swift */,
				KK000001000000000000KK01 /* RTLMirroringFailureViewController.swift */,
				LL000001000000000000LL01 /* OffScreenElementViewController.swift */,
				MM000001000000000000MM01 /* OccludedElementViewController.swift */,
				NN000001000000000000NN01 /* HardNegativeViewController.swift */,
			);
			name = KnownBad;
			sourceTree = "<group>";
		};
		CC000041000000000000CC41 /* GeneratorRunnerTests */ = {
			isa = PBXGroup;
			children = (
				CC000001000000000000CC01 /* GenerateDatasetTests.swift */,
				CC000002000000000000CC02 /* KitchenSinkValidationTest.swift */,
				DD000005000000000000DD05 /* UIKitCoordTests.swift */,
				EE000002000000000000EE02 /* UIKitGeneratorValidationTest.swift */,
				FF000041000000000000FF41 /* KnownBad */,
			);
			path = GeneratorRunnerTests;
			sourceTree = "<group>";
		};
		FF000041000000000000FF41 /* KnownBad */ = {
			isa = PBXGroup;
			children = (
				FF000002000000000000FF02 /* TruncatedLabelValidationTest.swift */,
				GG000002000000000000GG02 /* ClippedContentValidationTest.swift */,
				HH000002000000000000HH02 /* SmallHitTargetValidationTest.swift */,
				II000002000000000000II02 /* OverlappingControlsValidationTest.swift */,
				JJ000002000000000000JJ02 /* DynamicTypeOverflowValidationTest.swift */,
				KK000002000000000000KK02 /* RTLMirroringFailureValidationTest.swift */,
				LL000002000000000000LL02 /* OffScreenElementValidationTest.swift */,
				MM000002000000000000MM02 /* OccludedElementValidationTest.swift */,
				NN000002000000000000NN02 /* HardNegativeValidationTest.swift */,
			);
			name = KnownBad;
			sourceTree = "<group>";
		};
		BB000044000000000000BB44 /* Products */ = {
			isa = PBXGroup;
			children = (
				BB00000B000000000000BB0B /* GeneratorRunner.app */,
				CC00000B000000000000CC0B /* GeneratorRunnerTests.xctest */,
			);
			name = Products;
			sourceTree = "<group>";
		};
/* End PBXGroup section */

/* Begin PBXNativeTarget section */
		BB000060000000000000BB60 /* GeneratorRunner */ = {
			isa = PBXNativeTarget;
			buildConfigurationList = BB000080000000000000BB80 /* Build configuration list for PBXNativeTarget "GeneratorRunner" */;
			buildPhases = (
				BB000032000000000000BB32 /* Sources */,
				BB000030000000000000BB30 /* Frameworks */,
			);
			buildRules = (
			);
			dependencies = (
			);
			name = GeneratorRunner;
			productName = GeneratorRunner;
			productReference = BB00000B000000000000BB0B /* GeneratorRunner.app */;
			productType = "com.apple.product-type.application";
		};
		CC000060000000000000CC60 /* GeneratorRunnerTests */ = {
			isa = PBXNativeTarget;
			buildConfigurationList = CC000080000000000000CC80 /* Build configuration list for PBXNativeTarget "GeneratorRunnerTests" */;
			buildPhases = (
				CC000032000000000000CC32 /* Sources */,
				CC000030000000000000CC30 /* Frameworks */,
			);
			buildRules = (
			);
			dependencies = (
				CC000021000000000000CC21 /* PBXTargetDependency */,
			);
			name = GeneratorRunnerTests;
			productName = GeneratorRunnerTests;
			productReference = CC00000B000000000000CC0B /* GeneratorRunnerTests.xctest */;
			productType = "com.apple.product-type.bundle.unit-test";
		};
/* End PBXNativeTarget section */

/* Begin PBXProject section */
		BB000050000000000000BB50 /* Project object */ = {
			isa = PBXProject;
			attributes = {
				BuildIndependentTargetsInParallel = 1;
				LastSwiftUpdateCheck = 2640;
				LastUpgradeCheck = 2640;
				TargetAttributes = {
					BB000060000000000000BB60 = {
						CreatedOnToolsVersion = 16.0;
					};
					CC000060000000000000CC60 = {
						CreatedOnToolsVersion = 16.0;
						TestTargetID = BB000060000000000000BB60;
					};
				};
			};
			buildConfigurationList = BB000082000000000000BB82 /* Build configuration list for PBXProject "GeneratorRunner" */;
			compatibilityVersion = "Xcode 14.0";
			developmentRegion = en;
			hasScannedForEncodings = 0;
			knownRegions = (
				en,
				Base,
			);
			mainGroup = BB000040000000000000BB40;
			productRefGroup = BB000044000000000000BB44 /* Products */;
			projectDirPath = "";
			projectRoot = "";
			targets = (
				BB000060000000000000BB60 /* GeneratorRunner */,
				CC000060000000000000CC60 /* GeneratorRunnerTests */,
			);
		};
/* End PBXProject section */

/* Begin PBXSourcesBuildPhase section */
		BB000032000000000000BB32 /* Sources (app) */ = {
			isa = PBXSourcesBuildPhase;
			buildActionMask = 2147483647;
			files = (
				/* App is a minimal host process — all business logic compiles in the test bundle. */
				BB000010000000000000BB10 /* AppDelegate.swift in Sources */,
			);
			runOnlyForDeploymentPostprocessing = 0;
		};
		CC000032000000000000CC32 /* Sources (tests) */ = {
			isa = PBXSourcesBuildPhase;
			buildActionMask = 2147483647;
			files = (
				/* All shared sources compile directly into the self-contained test bundle. */
				/* No BUNDLE_LOADER — avoids duplicate symbols; TEST_HOST provides UIKit context. */
				CC000011000000000000CC11 /* CaptureTypes.swift in Sources */,
				CC000012000000000000CC12 /* GeneratorConfig.swift in Sources */,
				CC000013000000000000CC13 /* ContentCorpus.swift in Sources */,
				CC000014000000000000CC14 /* SeededRNG.swift in Sources */,
				CC000019000000000000CC19 /* AnnotationWriter.swift in Sources */,
				CC00001B000000000000CC1B /* DatasetManifest.swift in Sources */,
				CC000015000000000000CC15 /* ScreenshotCapture.swift in Sources */,
				CC000016000000000000CC16 /* LoginFormTemplate.swift in Sources */,
				CC000017000000000000CC17 /* SettingsListTemplate.swift in Sources */,
				CC000018000000000000CC18 /* AlertTemplate.swift in Sources */,
				CC00001D000000000000CC1D /* KitchenSinkTemplate.swift in Sources */,
				CC00001E000000000000CC1E /* BoundingBoxDebugRenderer.swift in Sources */,
				DD000011000000000000DD11 /* UIKitCaptureSupport.swift in Sources */,
				DD000012000000000000DD12 /* UIKitFormViewController.swift in Sources */,
				DD000013000000000000DD13 /* UIKitListViewController.swift in Sources */,
				DD000014000000000000DD14 /* UIKitControlsViewController.swift in Sources */,
				CC000010000000000000CC10 /* GenerateDatasetTests.swift in Sources */,
				CC00001F000000000000CC1F /* KitchenSinkValidationTest.swift in Sources */,
				DD000015000000000000DD15 /* UIKitCoordTests.swift in Sources */,
				EE000011000000000000EE11 /* UIKitGeneratorViewController.swift in Sources */,
				EE000012000000000000EE12 /* UIKitGeneratorValidationTest.swift in Sources */,
				/* Phase 5a — Known-bad templates and validation tests */
				FF000011000000000000FF11 /* TruncatedLabelViewController.swift in Sources */,
				FF000012000000000000FF12 /* TruncatedLabelValidationTest.swift in Sources */,
				GG000011000000000000GG11 /* ClippedContentViewController.swift in Sources */,
				GG000012000000000000GG12 /* ClippedContentValidationTest.swift in Sources */,
				HH000011000000000000HH11 /* SmallHitTargetViewController.swift in Sources */,
				HH000012000000000000HH12 /* SmallHitTargetValidationTest.swift in Sources */,
				II000011000000000000II11 /* OverlappingControlsViewController.swift in Sources */,
				II000012000000000000II12 /* OverlappingControlsValidationTest.swift in Sources */,
				JJ000011000000000000JJ11 /* DynamicTypeOverflowViewController.swift in Sources */,
				JJ000012000000000000JJ12 /* DynamicTypeOverflowValidationTest.swift in Sources */,
				KK000011000000000000KK11 /* RTLMirroringFailureViewController.swift in Sources */,
				KK000012000000000000KK12 /* RTLMirroringFailureValidationTest.swift in Sources */,
				LL000011000000000000LL11 /* OffScreenElementViewController.swift in Sources */,
				LL000012000000000000LL12 /* OffScreenElementValidationTest.swift in Sources */,
				MM000011000000000000MM11 /* OccludedElementViewController.swift in Sources */,
				MM000012000000000000MM12 /* OccludedElementValidationTest.swift in Sources */,
				NN000011000000000000NN11 /* HardNegativeViewController.swift in Sources */,
				NN000012000000000000NN12 /* HardNegativeValidationTest.swift in Sources */,
				/* Phase 5b — Extended SwiftUI templates */
				OO000011000000000000OO11 /* TabViewNavigationTemplate.swift in Sources */,
				PP000011000000000000PP11 /* SheetTemplate.swift in Sources */,
				QQ000011000000000000QQ11 /* SearchResultsTemplate.swift in Sources */,
				RR000011000000000000RR11 /* FormValidationTemplate.swift in Sources */,
				SS000011000000000000SS11 /* EmptyStateTemplate.swift in Sources */,
				TT000011000000000000TT11 /* LoadingSkeletonTemplate.swift in Sources */,
				UU000011000000000000UU11 /* MediaCardGridTemplate.swift in Sources */,
				VV000011000000000000VV11 /* OnboardingPageTemplate.swift in Sources */,
				WW000011000000000000WW11 /* PickerDateEntryTemplate.swift in Sources */,
				XX000011000000000000XX11 /* ActionSheetTemplate.swift in Sources */,
				YY000011000000000000YY11 /* PopoverTemplate.swift in Sources */,
				ZZ000011000000000000ZZ11 /* RTLMirrorTemplate.swift in Sources */,
				A1000011000000000000A111 /* LiquidGlassNavTemplate.swift in Sources */,
				A2000011000000000000A211 /* LiquidGlassTabTemplate.swift in Sources */,
				A3000011000000000000A311 /* SettingsDisclosureTemplate.swift in Sources */,
				A4000011000000000000A411 /* RefreshControlTemplate.swift in Sources */,
				A5000011000000000000A511 /* ContextMenuTemplate.swift in Sources */,
				A6000011000000000000A611 /* MapOverlaysTemplate.swift in Sources */,
				A7000011000000000000A711 /* StepperTemplate.swift in Sources */,
				A8000011000000000000A811 /* ProgressActivityTemplate.swift in Sources */,
			);
			runOnlyForDeploymentPostprocessing = 0;
		};
/* End PBXSourcesBuildPhase section */

/* Begin PBXTargetDependency section */
		CC000021000000000000CC21 /* PBXTargetDependency */ = {
			isa = PBXTargetDependency;
			target = BB000060000000000000BB60 /* GeneratorRunner */;
			targetProxy = CC000020000000000000CC20 /* PBXContainerItemProxy */;
		};
/* End PBXTargetDependency section */

/* Begin XCBuildConfiguration section */
		BB000090000000000000BB90 /* Debug (project) */ = {
			isa = XCBuildConfiguration;
			buildSettings = {
				ALWAYS_SEARCH_USER_PATHS = NO;
				CLANG_ENABLE_MODULES = YES;
				CLANG_ENABLE_OBJC_ARC = YES;
				CLANG_ENABLE_OBJC_WEAK = YES;
				COPY_PHASE_STRIP = NO;
				DEBUG_INFORMATION_FORMAT = dwarf;
				ENABLE_STRICT_OBJC_MSGSEND = YES;
				ENABLE_TESTABILITY = YES;
				GCC_C_LANGUAGE_STANDARD = gnu17;
				GCC_DYNAMIC_NO_PIC = NO;
				GCC_OPTIMIZATION_LEVEL = 0;
				GCC_PREPROCESSOR_DEFINITIONS = (
					"DEBUG=1",
					"$(inherited)",
				);
				IPHONEOS_DEPLOYMENT_TARGET = 17.0;
				MTL_ENABLE_DEBUG_INFO = INCLUDE_SOURCE;
				MTL_FAST_MATH = YES;
				ONLY_ACTIVE_ARCH = YES;
				SDKROOT = iphoneos;
				SWIFT_ACTIVE_COMPILATION_CONDITIONS = DEBUG;
				SWIFT_OPTIMIZATION_LEVEL = "-Onone";
				SWIFT_VERSION = 6.0;
				TARGETED_DEVICE_FAMILY = 1;
			};
			name = Debug;
		};
		BB000091000000000000BB91 /* Release (project) */ = {
			isa = XCBuildConfiguration;
			buildSettings = {
				ALWAYS_SEARCH_USER_PATHS = NO;
				CLANG_ENABLE_MODULES = YES;
				CLANG_ENABLE_OBJC_ARC = YES;
				CLANG_ENABLE_OBJC_WEAK = YES;
				COPY_PHASE_STRIP = NO;
				DEBUG_INFORMATION_FORMAT = "dwarf-with-dsym";
				ENABLE_NS_ASSERTIONS = NO;
				ENABLE_STRICT_OBJC_MSGSEND = YES;
				GCC_C_LANGUAGE_STANDARD = gnu17;
				GCC_OPTIMIZATION_LEVEL = s;
				GCC_PREPROCESSOR_DEFINITIONS = (
					"$(inherited)",
				);
				IPHONEOS_DEPLOYMENT_TARGET = 17.0;
				MTL_FAST_MATH = YES;
				SDKROOT = iphoneos;
				SWIFT_COMPILATION_MODE = wholemodule;
				SWIFT_OPTIMIZATION_LEVEL = "-O";
				SWIFT_VERSION = 6.0;
				TARGETED_DEVICE_FAMILY = 1;
				VALIDATE_PRODUCT = YES;
			};
			name = Release;
		};
		BB000092000000000000BB92 /* Debug (app) */ = {
			isa = XCBuildConfiguration;
			buildSettings = {
				ASSETCATALOG_COMPILER_APPICON_NAME = AppIcon;
				CODE_SIGN_IDENTITY = "";
				CODE_SIGN_STYLE = Manual;
				CODE_SIGNING_ALLOWED = NO;
				DEVELOPMENT_TEAM = "";
				INFOPLIST_FILE = GeneratorRunner/Info.plist;
				LD_RUNPATH_SEARCH_PATHS = (
					"$(inherited)",
					"@executable_path/Frameworks",
				);
				PRODUCT_BUNDLE_IDENTIFIER = "com.nativeuiauditkit.generatorrunner";
				PRODUCT_NAME = "$(TARGET_NAME)";
				SWIFT_STRICT_CONCURRENCY = complete;
			};
			name = Debug;
		};
		BB000093000000000000BB93 /* Release (app) */ = {
			isa = XCBuildConfiguration;
			buildSettings = {
				ASSETCATALOG_COMPILER_APPICON_NAME = AppIcon;
				CODE_SIGN_IDENTITY = "";
				CODE_SIGN_STYLE = Manual;
				CODE_SIGNING_ALLOWED = NO;
				DEVELOPMENT_TEAM = "";
				INFOPLIST_FILE = GeneratorRunner/Info.plist;
				LD_RUNPATH_SEARCH_PATHS = (
					"$(inherited)",
					"@executable_path/Frameworks",
				);
				PRODUCT_BUNDLE_IDENTIFIER = "com.nativeuiauditkit.generatorrunner";
				PRODUCT_NAME = "$(TARGET_NAME)";
				SWIFT_STRICT_CONCURRENCY = complete;
			};
			name = Release;
		};
		CC000092000000000000CC92 /* Debug (tests) */ = {
			isa = XCBuildConfiguration;
			buildSettings = {
				/* No BUNDLE_LOADER — test bundle is self-contained; TEST_HOST only provides UIKit context. */
				CODE_SIGN_IDENTITY = "";
				CODE_SIGN_STYLE = Manual;
				CODE_SIGNING_ALLOWED = NO;
				DEVELOPMENT_TEAM = "";
				GENERATE_INFOPLIST_FILE = YES;
				LD_RUNPATH_SEARCH_PATHS = (
					"$(inherited)",
					"@executable_path/Frameworks",
					"@loader_path/Frameworks",
				);
				PRODUCT_BUNDLE_IDENTIFIER = "com.nativeuiauditkit.generatorrunner.tests";
				PRODUCT_NAME = "$(TARGET_NAME)";
				SWIFT_STRICT_CONCURRENCY = complete;
				TEST_HOST = "$(BUILT_PRODUCTS_DIR)/GeneratorRunner.app/$(BUNDLE_EXECUTABLE_FOLDER_PATH)/GeneratorRunner";
			};
			name = Debug;
		};
		CC000093000000000000CC93 /* Release (tests) */ = {
			isa = XCBuildConfiguration;
			buildSettings = {
				CODE_SIGN_IDENTITY = "";
				CODE_SIGN_STYLE = Manual;
				CODE_SIGNING_ALLOWED = NO;
				DEVELOPMENT_TEAM = "";
				GENERATE_INFOPLIST_FILE = YES;
				LD_RUNPATH_SEARCH_PATHS = (
					"$(inherited)",
					"@executable_path/Frameworks",
					"@loader_path/Frameworks",
				);
				PRODUCT_BUNDLE_IDENTIFIER = "com.nativeuiauditkit.generatorrunner.tests";
				PRODUCT_NAME = "$(TARGET_NAME)";
				SWIFT_STRICT_CONCURRENCY = complete;
				TEST_HOST = "$(BUILT_PRODUCTS_DIR)/GeneratorRunner.app/$(BUNDLE_EXECUTABLE_FOLDER_PATH)/GeneratorRunner";
			};
			name = Release;
		};
/* End XCBuildConfiguration section */

/* Begin XCConfigurationList section */
		BB000080000000000000BB80 /* Build configuration list for PBXNativeTarget "GeneratorRunner" */ = {
			isa = XCConfigurationList;
			buildConfigurations = (
				BB000092000000000000BB92 /* Debug */,
				BB000093000000000000BB93 /* Release */,
			);
			defaultConfigurationIsVisible = 0;
			defaultConfigurationName = Release;
		};
		CC000080000000000000CC80 /* Build configuration list for PBXNativeTarget "GeneratorRunnerTests" */ = {
			isa = XCConfigurationList;
			buildConfigurations = (
				CC000092000000000000CC92 /* Debug */,
				CC000093000000000000CC93 /* Release */,
			);
			defaultConfigurationIsVisible = 0;
			defaultConfigurationName = Release;
		};
		BB000082000000000000BB82 /* Build configuration list for PBXProject "GeneratorRunner" */ = {
			isa = XCConfigurationList;
			buildConfigurations = (
				BB000090000000000000BB90 /* Debug */,
				BB000091000000000000BB91 /* Release */,
			);
			defaultConfigurationIsVisible = 0;
			defaultConfigurationName = Release;
		};
/* End XCConfigurationList section */

	};
	rootObject = BB000050000000000000BB50 /* Project object */;
}
